
Microsoft Visual Studio Solution File, Format Version 12.00
# Visual Studio Version 16
VisualStudioVersion = 16.0.28729.10
MinimumVisualStudioVersion = 10.0.40219.1
Project("{FAE04EC0-301F-11D3-BF4B-00C04F79EFBC}") = "StringLibrary", "StringLibrary\StringLibrary.csproj", "{A9A387BF-E165-4293-B411-C84CC8A6AEC3}"
EndProject
Global
	GlobalSection(SolutionConfigurationPlatforms) = preSolution
		Debug|Any CPU = Debug|Any CPU
		Release|Any CPU = Release|Any CPU
	EndGlobalSection
	GlobalSection(ProjectConfigurationPlatforms) = postSolution
		{A9A387BF-E165-4293-B411-C84CC8A6AEC3}.Debug|Any CPU.ActiveCfg = Debug|Any CPU
		{A9A387BF-E165-4293-B411-C84CC8A6AEC3}.Debug|Any CPU.Build.0 = Debug|Any CPU
		{A9A387BF-E165-4293-B411-C84CC8A6AEC3}.Release|Any CPU.ActiveCfg = Release|Any CPU
		{A9A387BF-E165-4293-B411-C84CC8A6AEC3}.Release|Any CPU.Build.0 = Release|Any CPU
	EndGlobalSection
	GlobalSection(SolutionProperties) = preSolution
		HideSolutionNode = FALSE
	EndGlobalSection
	GlobalSection(ExtensibilityGlobals) = postSolution
		SolutionGuid = {53F06ECC-B264-4011-87CB-EDA7134BC663}
	EndGlobalSection
EndGlobal
